
Microsoft Visual Studio Solution File, Format Version 12.00
# Visual Studio Version 17
VisualStudioVersion = 17.2.32602.215
MinimumVisualStudioVersion = 10.0.40219.1
Project("{FAE04EC0-301F-11D3-BF4B-00C04F79EFBC}") = "MyFirstAPI", "MyFirstAPI\MyFirstAPI.csproj", "{F8CF550B-ED82-448D-BF59-71057D61B3EC}"
EndProject
Global
	GlobalSection(SolutionConfigurationPlatforms) = preSolution
		Debug|Any CPU = Debug|Any CPU
		Release|Any CPU = Release|Any CPU
	EndGlobalSection
	GlobalSection(ProjectConfigurationPlatforms) = postSolution
		{F8CF550B-ED82-448D-BF59-71057D61B3EC}.Debug|Any CPU.ActiveCfg = Debug|Any CPU
		{F8CF550B-ED82-448D-BF59-71057D61B3EC}.Debug|Any CPU.Build.0 = Debug|Any CPU
		{F8CF550B-ED82-448D-BF59-71057D61B3EC}.Release|Any CPU.ActiveCfg = Release|Any CPU
		{F8CF550B-ED82-448D-BF59-71057D61B3EC}.Release|Any CPU.Build.0 = Release|Any CPU
	EndGlobalSection
	GlobalSection(SolutionProperties) = preSolution
		HideSolutionNode = FALSE
	EndGlobalSection
	GlobalSection(ExtensibilityGlobals) = postSolution
		SolutionGuid = {843D0F2A-DFBE-441A-B09B-F8E2EC94259F}
	EndGlobalSection
EndGlobal
